
Microsoft Visual Studio Solution File, Format Version 11.00
# Visual Studio 2010
Project("{FAE04EC0-301F-11D3-BF4B-00C04F79EFBC}") = "Adventure - Tutorial - Complete Game", "Assembly-CSharp.csproj", "{BE11F57D-7969-BCBE-7E14-78B53AA437A0}"
EndProject
Project("{FAE04EC0-301F-11D3-BF4B-00C04F79EFBC}") = "Adventure - Tutorial - Complete Game", "Assembly-CSharp-Editor.csproj", "{88775292-7015-D8C9-F663-5F15B007E54C}"
EndProject
Global
	GlobalSection(SolutionConfigurationPlatforms) = preSolution
		Debug|Any CPU = Debug|Any CPU
		Release|Any CPU = Release|Any CPU
	EndGlobalSection
	GlobalSection(ProjectConfigurationPlatforms) = postSolution
		{BE11F57D-7969-BCBE-7E14-78B53AA437A0}.Debug|Any CPU.ActiveCfg = Debug|Any CPU
		{BE11F57D-7969-BCBE-7E14-78B53AA437A0}.Debug|Any CPU.Build.0 = Debug|Any CPU
		{BE11F57D-7969-BCBE-7E14-78B53AA437A0}.Release|Any CPU.ActiveCfg = Release|Any CPU
		{BE11F57D-7969-BCBE-7E14-78B53AA437A0}.Release|Any CPU.Build.0 = Release|Any CPU
		{88775292-7015-D8C9-F663-5F15B007E54C}.Debug|Any CPU.ActiveCfg = Debug|Any CPU
		{88775292-7015-D8C9-F663-5F15B007E54C}.Debug|Any CPU.Build.0 = Debug|Any CPU
		{88775292-7015-D8C9-F663-5F15B007E54C}.Release|Any CPU.ActiveCfg = Release|Any CPU
		{88775292-7015-D8C9-F663-5F15B007E54C}.Release|Any CPU.Build.0 = Release|Any CPU
	EndGlobalSection
	GlobalSection(SolutionProperties) = preSolution
		HideSolutionNode = FALSE
	EndGlobalSection
	GlobalSection(MonoDevelopProperties) = preSolution
		StartupItem = Assembly-CSharp.csproj
	EndGlobalSection
EndGlobal
